Microsoft Visual Studio Solution File, Format Version 12.00
# Visual Studio Version 17
VisualStudioVersion = 17.5.2.0
MinimumVisualStudioVersion = 10.0.40219.1
Project("{FAE04EC0-301F-11D3-BF4B-00C04F79EFBC}") = "angular-tutorials-backend", "angular-tutorials-backend.csproj", "{406D078C-1769-A2B8-4DA5-5874915AAE72}"
EndProject
Global
	GlobalSection(SolutionConfigurationPlatforms) = preSolution
		Debug|Any CPU = Debug|Any CPU
		Release|Any CPU = Release|Any CPU
	EndGlobalSection
	GlobalSection(ProjectConfigurationPlatforms) = postSolution
		{406D078C-1769-A2B8-4DA5-5874915AAE72}.Debug|Any CPU.ActiveCfg = Debug|Any CPU
		{406D078C-1769-A2B8-4DA5-5874915AAE72}.Debug|Any CPU.Build.0 = Debug|Any CPU
		{406D078C-1769-A2B8-4DA5-5874915AAE72}.Release|Any CPU.ActiveCfg = Release|Any CPU
		{406D078C-1769-A2B8-4DA5-5874915AAE72}.Release|Any CPU.Build.0 = Release|Any CPU
	EndGlobalSection
	GlobalSection(SolutionProperties) = preSolution
		HideSolutionNode = FALSE
	EndGlobalSection
	GlobalSection(ExtensibilityGlobals) = postSolution
		SolutionGuid = {6D8EA59E-1DC5-45BE-AF61-EA9A6FAC5418}
	EndGlobalSection
EndGlobal
